PODS:
  - Flutter (1.0.0)
  - permission_handler (2.0.0):
    - Flutter
  - reader_sdk_flutter_plugin (0.0.1):
    - Flutter

DEPENDENCIES:
  - Flutter (from `.symlinks/flutter/ios`)
  - permission_handler (from `.symlinks/plugins/permission_handler/ios`)
  - reader_sdk_flutter_plugin (from `.symlinks/plugins/reader_sdk_flutter_plugin/ios`)

EXTERNAL SOURCES:
  Flutter:
    :path: ".symlinks/flutter/ios"
  permission_handler:
    :path: ".symlinks/plugins/permission_handler/ios"
  reader_sdk_flutter_plugin:
    :path: ".symlinks/plugins/reader_sdk_flutter_plugin/ios"

SPEC CHECKSUMS:
  Flutter: 9d0fac939486c9aba2809b7982dfdbb47a7b0296
  permission_handler: d18559f3fbbc767b9c3af4849bf7b95c92467b22
  reader_sdk_flutter_plugin: 8e65f9392dc08cabf20935ee2a576c8eaabb92ee

PODFILE CHECKSUM: 163c0ed91a53b9302b30c1d31c603a2daa9b9166

COCOAPODS: 1.5.2
