PODS:
  - barcode_scan (0.0.1):
    - Flutter
    - MTBBarcodeScanner
  - Flutter (1.0.0)
  - MTBBarcodeScanner (5.0.6)
  - simple_permissions (0.0.1):
    - Flutter
  - square_reader_sdk (1.1.0):
    - Flutter

DEPENDENCIES:
  - barcode_scan (from `.symlinks/plugins/barcode_scan/ios`)
  - Flutter (from `.symlinks/flutter/ios`)
  - simple_permissions (from `.symlinks/plugins/simple_permissions/ios`)
  - square_reader_sdk (from `.symlinks/plugins/square_reader_sdk/ios`)

SPEC REPOS:
  https://github.com/cocoapods/specs.git:
    - MTBBarcodeScanner

EXTERNAL SOURCES:
  barcode_scan:
    :path: ".symlinks/plugins/barcode_scan/ios"
  Flutter:
    :path: ".symlinks/flutter/ios"
  simple_permissions:
    :path: ".symlinks/plugins/simple_permissions/ios"
  square_reader_sdk:
    :path: ".symlinks/plugins/square_reader_sdk/ios"

SPEC CHECKSUMS:
  barcode_scan: 8288e70cb430072003bce2c794a1431e7adbcb4d
  Flutter: 9d0fac939486c9aba2809b7982dfdbb47a7b0296
  MTBBarcodeScanner: bb0bb62e18b57f8a571a482248adc20722b70a91
  simple_permissions: 8ea52208b437f8fae29d97a55fe00b705a53246b
  square_reader_sdk: 5bf5f55d7b689f475d80d8b9fd51be395bff383a

PODFILE CHECKSUM: cb6b50d323655cc2ec3bd136559937da3b86ed80

COCOAPODS: 1.5.3
